
Microsoft Visual Studio Solution File, Format Version 12.00
# Visual Studio 2013
VisualStudioVersion = 12.0.31101.0
MinimumVisualStudioVersion = 10.0.40219.1
Project("{FAE04EC0-301F-11D3-BF4B-00C04F79EFBC}") = "SoundBoard", "SoundBoard\SoundBoard.csproj", "{C19471B8-A7F0-4D29-8377-FAA26C4C80B6}"
EndProject
Global
	GlobalSection(SolutionConfigurationPlatforms) = preSolution
		Debug|Any CPU = Debug|Any CPU
		Release|Any CPU = Release|Any CPU
	EndGlobalSection
	GlobalSection(ProjectConfigurationPlatforms) = postSolution
		{C19471B8-A7F0-4D29-8377-FAA26C4C80B6}.Debug|Any CPU.ActiveCfg = Debug|Any CPU
		{C19471B8-A7F0-4D29-8377-FAA26C4C80B6}.Debug|Any CPU.Build.0 = Debug|Any CPU
		{C19471B8-A7F0-4D29-8377-FAA26C4C80B6}.Release|Any CPU.ActiveCfg = Release|Any CPU
		{C19471B8-A7F0-4D29-8377-FAA26C4C80B6}.Release|Any CPU.Build.0 = Release|Any CPU
	EndGlobalSection
	GlobalSection(SolutionProperties) = preSolution
		HideSolutionNode = FALSE
	EndGlobalSection
EndGlobal
